
Microsoft Visual Studio Solution File, Format Version 12.00
# Visual Studio 15
VisualStudioVersion = 15.0.26403.7
MinimumVisualStudioVersion = 10.0.40219.1
Project("{FAE04EC0-301F-11D3-BF4B-00C04F79EFBC}") = "DataAccess", "DataAccess\DataAccess.csproj", "{4F0097E8-1F03-4B6F-AA52-88AE6D21DC99}"
EndProject
Project("{FAE04EC0-301F-11D3-BF4B-00C04F79EFBC}") = "DataAccess.EfCore", "DataAccess.EfCore\DataAccess.EfCore.csproj", "{0477D4FD-5A12-4C93-9242-C6C8785CE6A9}"
EndProject
Project("{FAE04EC0-301F-11D3-BF4B-00C04F79EFBC}") = "DataAccess.Presenting", "DataAccess.Presenting\DataAccess.Presenting.csproj", "{DD2662ED-2E0B-4FC8-B75F-96F98E441C44}"
EndProject
Global
	GlobalSection(SolutionConfigurationPlatforms) = preSolution
		Debug|Any CPU = Debug|Any CPU
		Release|Any CPU = Release|Any CPU
	EndGlobalSection
	GlobalSection(ProjectConfigurationPlatforms) = postSolution
		{4F0097E8-1F03-4B6F-AA52-88AE6D21DC99}.Debug|Any CPU.ActiveCfg = Debug|Any CPU
		{4F0097E8-1F03-4B6F-AA52-88AE6D21DC99}.Debug|Any CPU.Build.0 = Debug|Any CPU
		{4F0097E8-1F03-4B6F-AA52-88AE6D21DC99}.Release|Any CPU.ActiveCfg = Release|Any CPU
		{4F0097E8-1F03-4B6F-AA52-88AE6D21DC99}.Release|Any CPU.Build.0 = Release|Any CPU
		{0477D4FD-5A12-4C93-9242-C6C8785CE6A9}.Debug|Any CPU.ActiveCfg = Debug|Any CPU
		{0477D4FD-5A12-4C93-9242-C6C8785CE6A9}.Debug|Any CPU.Build.0 = Debug|Any CPU
		{0477D4FD-5A12-4C93-9242-C6C8785CE6A9}.Release|Any CPU.ActiveCfg = Release|Any CPU
		{0477D4FD-5A12-4C93-9242-C6C8785CE6A9}.Release|Any CPU.Build.0 = Release|Any CPU
		{DD2662ED-2E0B-4FC8-B75F-96F98E441C44}.Debug|Any CPU.ActiveCfg = Debug|Any CPU
		{DD2662ED-2E0B-4FC8-B75F-96F98E441C44}.Debug|Any CPU.Build.0 = Debug|Any CPU
		{DD2662ED-2E0B-4FC8-B75F-96F98E441C44}.Release|Any CPU.ActiveCfg = Release|Any CPU
		{DD2662ED-2E0B-4FC8-B75F-96F98E441C44}.Release|Any CPU.Build.0 = Release|Any CPU
	EndGlobalSection
	GlobalSection(SolutionProperties) = preSolution
		HideSolutionNode = FALSE
	EndGlobalSection
EndGlobal
